
Microsoft Visual Studio Solution File, Format Version 12.00
# Visual Studio Version 16
VisualStudioVersion = 16.0.29926.136
MinimumVisualStudioVersion = 10.0.40219.1
Project("{9A19103F-16F7-4668-BE54-9A1E7A4F7556}") = "PAAK", "PAAK.csproj", "{0D38593F-BF92-48B2-BF2B-625781A9AF31}"
EndProject
Project("{FAE04EC0-301F-11D3-BF4B-00C04F79EFBC}") = "TestPaak.UnitTest", "..\UnitTestPaak\TestPaak.UnitTest.csproj", "{6C755567-8C24-4B91-9D5A-ADF5A7A3DDB7}"
EndProject
Global
	GlobalSection(SolutionConfigurationPlatforms) = preSolution
		Debug|Any CPU = Debug|Any CPU
		Release|Any CPU = Release|Any CPU
	EndGlobalSection
	GlobalSection(ProjectConfigurationPlatforms) = postSolution
		{0D38593F-BF92-48B2-BF2B-625781A9AF31}.Debug|Any CPU.ActiveCfg = Debug|Any CPU
		{0D38593F-BF92-48B2-BF2B-625781A9AF31}.Debug|Any CPU.Build.0 = Debug|Any CPU
		{0D38593F-BF92-48B2-BF2B-625781A9AF31}.Release|Any CPU.ActiveCfg = Release|Any CPU
		{0D38593F-BF92-48B2-BF2B-625781A9AF31}.Release|Any CPU.Build.0 = Release|Any CPU
		{6C755567-8C24-4B91-9D5A-ADF5A7A3DDB7}.Debug|Any CPU.ActiveCfg = Debug|Any CPU
		{6C755567-8C24-4B91-9D5A-ADF5A7A3DDB7}.Debug|Any CPU.Build.0 = Debug|Any CPU
		{6C755567-8C24-4B91-9D5A-ADF5A7A3DDB7}.Release|Any CPU.ActiveCfg = Release|Any CPU
		{6C755567-8C24-4B91-9D5A-ADF5A7A3DDB7}.Release|Any CPU.Build.0 = Release|Any CPU
	EndGlobalSection
	GlobalSection(SolutionProperties) = preSolution
		HideSolutionNode = FALSE
	EndGlobalSection
	GlobalSection(ExtensibilityGlobals) = postSolution
		SolutionGuid = {34862319-3BCF-4FBA-A195-1C630D09090A}
	EndGlobalSection
EndGlobal
